// !$*UTF8*$!
{
	archiveVersion = 1;
	classes = {
	};
	objectVersion = 56;
	objects = {

/* Begin PBXBuildFile section */
		3E3B00D62A27E97700C32F63 /* shyApp.swift in Sources */ = {isa = PBXBuildFile; fileRef = 3E3B00D52A27E97700C32F63 /* shyApp.swift */; };
		3E3B00DA2A27E97700C32F63 /* Assets.xcassets in Resources */ = {isa = PBXBuildFile; fileRef = 3E3B00D92A27E97700C32F63 /* Assets.xcassets */; };
		3E3B00DD2A27E97700C32F63 /* Preview Assets.xcassets in Resources */ = {isa = PBXBuildFile; fileRef = 3E3B00DC2A27E97700C32F63 /* Preview Assets.xcassets */; };
		3E3B00EE2A27EE2900C32F63 /* DetailCheck.swift in Sources */ = {isa = PBXBuildFile; fileRef = 3E3B00ED2A27EE2900C32F63 /* DetailCheck.swift */; };
		3E3B00F12A27EE5200C32F63 /* IOSSecuritySuite in Frameworks */ = {isa = PBXBuildFile; productRef = 3E3B00F02A27EE5200C32F63 /* IOSSecuritySuite */; };
		3ECC7DF12DA2FE7C00879977 /* Toast in Frameworks */ = {isa = PBXBuildFile; productRef = 3ECC7DF02DA2FE7C00879977 /* Toast */; };
/* End PBXBuildFile section */

/* Begin PBXFileReference section */
		3E3B00D22A27E97700C32F63 /* shy.app */ = {isa = PBXFileReference; explicitFileType = wrapper.application; includeInIndex = 0; path = shy.app; sourceTree = BUILT_PRODUCTS_DIR; };
		3E3B00D52A27E97700C32F63 /* shyApp.swift */ = {isa = PBXFileReference; lastKnownFileType = sourcecode.swift; path = shyApp.swift; sourceTree = "<group>"; };
		3E3B00D92A27E97700C32F63 /* Assets.xcassets */ = {isa = PBXFileReference; lastKnownFileType = folder.assetcatalog; path = Assets.xcassets; sourceTree = "<group>"; };
		3E3B00DC2A27E97700C32F63 /* Preview Assets.xcassets */ = {isa = PBXFileReference; lastKnownFileType = folder.assetcatalog; path = "Preview Assets.xcassets"; sourceTree = "<group>"; };
		3E3B00ED2A27EE2900C32F63 /* DetailCheck.swift */ = {isa = PBXFileReference; lastKnownFileType = sourcecode.swift; path = DetailCheck.swift; sourceTree = "<group>"; };
		3E3B00F22A27EF4B00C32F63 /* Info.plist */ = {isa = PBXFileReference; lastKnownFileType = text.plist; path = Info.plist; sourceTree = "<group>"; };
/* End PBXFileReference section */

/* Begin PBXFrameworksBuildPhase section */
		3E3B00CF2A27E97700C32F63 /* Frameworks */ = {
			isa = PBXFrameworksBuildPhase;
			buildActionMask = 2147483647;
			files = (
				3ECC7DF12DA2FE7C00879977 /* Toast in Frameworks */,
				3E3B00F12A27EE5200C32F63 /* IOSSecuritySuite in Frameworks */,
			);
			runOnlyForDeploymentPostprocessing = 0;
		};
/* End PBXFrameworksBuildPhase section */

/* Begin PBXGroup section */
		3E3B00C92A27E97700C32F63 = {
			isa = PBXGroup;
			children = (
				3E3B00D42A27E97700C32F63 /* shy */,
				3E3B00D32A27E97700C32F63 /* Products */,
			);
			sourceTree = "<group>";
		};
		3E3B00D32A27E97700C32F63 /* Products */ = {
			isa = PBXGroup;
			children = (
				3E3B00D22A27E97700C32F63 /* shy.app */,
			);
			name = Products;
			sourceTree = "<group>";
		};
		3E3B00D42A27E97700C32F63 /* shy */ = {
			isa = PBXGroup;
			children = (
				3E3B00F22A27EF4B00C32F63 /* Info.plist */,
				3E3B00D52A27E97700C32F63 /* shyApp.swift */,
				3E3B00D92A27E97700C32F63 /* Assets.xcassets */,
				3E3B00DB2A27E97700C32F63 /* Preview Content */,
				3E3B00ED2A27EE2900C32F63 /* DetailCheck.swift */,
			);
			path = shy;
			sourceTree = "<group>";
		};
		3E3B00DB2A27E97700C32F63 /* Preview Content */ = {
			isa = PBXGroup;
			children = (
				3E3B00DC2A27E97700C32F63 /* Preview Assets.xcassets */,
			);
			path = "Preview Content";
			sourceTree = "<group>";
		};
/* End PBXGroup section */

/* Begin PBXNativeTarget section */
		3E3B00D12A27E97700C32F63 /* shy */ = {
			isa = PBXNativeTarget;
			buildConfigurationList = 3E3B00E02A27E97700C32F63 /* Build configuration list for PBXNativeTarget "shy" */;
			buildPhases = (
				3E3B00CE2A27E97700C32F63 /* Sources */,
				3E3B00CF2A27E97700C32F63 /* Frameworks */,
				3E3B00D02A27E97700C32F63 /* Resources */,
			);
			buildRules = (
			);
			dependencies = (
			);
			name = shy;
			packageProductDependencies = (
				3E3B00F02A27EE5200C32F63 /* IOSSecuritySuite */,
				3ECC7DF02DA2FE7C00879977 /* Toast */,
			);
			productName = shy;
			productReference = 3E3B00D22A27E97700C32F63 /* shy.app */;
			productType = "com.apple.product-type.application";
		};
/* End PBXNativeTarget section */

/* Begin PBXProject section */
		3E3B00CA2A27E97700C32F63 /* Project object */ = {
			isa = PBXProject;
			attributes = {
				BuildIndependentTargetsInParallel = 1;
				LastSwiftUpdateCheck = 1420;
				LastUpgradeCheck = 1420;
				TargetAttributes = {
					3E3B00D12A27E97700C32F63 = {
						CreatedOnToolsVersion = 14.2;
					};
				};
			};
			buildConfigurationList = 3E3B00CD2A27E97700C32F63 /* Build configuration list for PBXProject "shy" */;
			compatibilityVersion = "Xcode 14.0";
			developmentRegion = en;
			hasScannedForEncodings = 0;
			knownRegions = (
				en,
				Base,
			);
			mainGroup = 3E3B00C92A27E97700C32F63;
			packageReferences = (
				3E3B00EF2A27EE5200C32F63 /* XCRemoteSwiftPackageReference "IOSSecuritySuite" */,
				3ECC7DEF2DA2FE7C00879977 /* XCRemoteSwiftPackageReference "Toast-Swift" */,
			);
			productRefGroup = 3E3B00D32A27E97700C32F63 /* Products */;
			projectDirPath = "";
			projectRoot = "";
			targets = (
				3E3B00D12A27E97700C32F63 /* shy */,
			);
		};
/* End PBXProject section */

/* Begin PBXResourcesBuildPhase section */
		3E3B00D02A27E97700C32F63 /* Resources */ = {
			isa = PBXResourcesBuildPhase;
			buildActionMask = 2147483647;
			files = (
				3E3B00DD2A27E97700C32F63 /* Preview Assets.xcassets in Resources */,
				3E3B00DA2A27E97700C32F63 /* Assets.xcassets in Resources */,
			);
			runOnlyForDeploymentPostprocessing = 0;
		};
/* End PBXResourcesBuildPhase section */

/* Begin PBXSourcesBuildPhase section */
		3E3B00CE2A27E97700C32F63 /* Sources */ = {
			isa = PBXSourcesBuildPhase;
			buildActionMask = 2147483647;
			files = (
				3E3B00EE2A27EE2900C32F63 /* DetailCheck.swift in Sources */,
				3E3B00D62A27E97700C32F63 /* shyApp.swift in Sources */,
			);
			runOnlyForDeploymentPostprocessing = 0;
		};
/* End PBXSourcesBuildPhase section */

/* Begin XCBuildConfiguration section */
		3E3B00DE2A27E97700C32F63 /* Debug */ = {
			isa = XCBuildConfiguration;
			buildSettings = {
				ALWAYS_SEARCH_USER_PATHS = NO;
				CLANG_ANALYZER_NONNULL = YES;
				CLANG_ANALYZER_NUMBER_OBJECT_CONVERSION = YES_AGGRESSIVE;
				CLANG_CXX_LANGUAGE_STANDARD = "gnu++20";
				CLANG_ENABLE_MODULES = YES;
				CLANG_ENABLE_OBJC_ARC = YES;
				CLANG_ENABLE_OBJC_WEAK = YES;
				CLANG_WARN_BLOCK_CAPTURE_AUTORELEASING = YES;
				CLANG_WARN_BOOL_CONVERSION = YES;
				CLANG_WARN_COMMA = YES;
				CLANG_WARN_CONSTANT_CONVERSION = YES;
				CLANG_WARN_DEPRECATED_OBJC_IMPLEMENTATIONS = YES;
				CLANG_WARN_DIRECT_OBJC_ISA_USAGE = YES_ERROR;
				CLANG_WARN_DOCUMENTATION_COMMENTS = YES;
				CLANG_WARN_EMPTY_BODY = YES;
				CLANG_WARN_ENUM_CONVERSION = YES;
				CLANG_WARN_INFINITE_RECURSION = YES;
				CLANG_WARN_INT_CONVERSION = YES;
				CLANG_WARN_NON_LITERAL_NULL_CONVERSION = YES;
				CLANG_WARN_OBJC_IMPLICIT_RETAIN_SELF = YES;
				CLANG_WARN_OBJC_LITERAL_CONVERSION = YES;
				CLANG_WARN_OBJC_ROOT_CLASS = YES_ERROR;
				CLANG_WARN_QUOTED_INCLUDE_IN_FRAMEWORK_HEADER = YES;
				CLANG_WARN_RANGE_LOOP_ANALYSIS = YES;
				CLANG_WARN_STRICT_PROTOTYPES = YES;
				CLANG_WARN_SUSPICIOUS_MOVE = YES;
				CLANG_WARN_UNGUARDED_AVAILABILITY = YES_AGGRESSIVE;
				CLANG_WARN_UNREACHABLE_CODE = YES;
				CLANG_WARN__DUPLICATE_METHOD_MATCH = YES;
				COPY_PHASE_STRIP = NO;
				DEBUG_INFORMATION_FORMAT = dwarf;
				ENABLE_STRICT_OBJC_MSGSEND = YES;
				ENABLE_TESTABILITY = YES;
				GCC_C_LANGUAGE_STANDARD = gnu11;
				GCC_DYNAMIC_NO_PIC = NO;
				GCC_NO_COMMON_BLOCKS = YES;
				GCC_OPTIMIZATION_LEVEL = 0;
				GCC_PREPROCESSOR_DEFINITIONS = (
					"DEBUG=1",
					"$(inherited)",
				);
				GCC_WARN_64_TO_32_BIT_CONVERSION = YES;
				GCC_WARN_ABOUT_RETURN_TYPE = YES_ERROR;
				GCC_WARN_UNDECLARED_SELECTOR = YES;
				GCC_WARN_UNINITIALIZED_AUTOS = YES_AGGRESSIVE;
				GCC_WARN_UNUSED_FUNCTION = YES;
				GCC_WARN_UNUSED_VARIABLE = YES;
				IPHONEOS_DEPLOYMENT_TARGET = 16.2;
				MTL_ENABLE_DEBUG_INFO = INCLUDE_SOURCE;
				MTL_FAST_MATH = YES;
				ONLY_ACTIVE_ARCH = YES;
				SDKROOT = iphoneos;
				SWIFT_ACTIVE_COMPILATION_CONDITIONS = DEBUG;
				SWIFT_OPTIMIZATION_LEVEL = "-Onone";
			};
			name = Debug;
		};
		3E3B00DF2A27E97700C32F63 /* Release */ = {
			isa = XCBuildConfiguration;
			buildSettings = {
				ALWAYS_SEARCH_USER_PATHS = NO;
				CLANG_ANALYZER_NONNULL = YES;
				CLANG_ANALYZER_NUMBER_OBJECT_CONVERSION = YES_AGGRESSIVE;
				CLANG_CXX_LANGUAGE_STANDARD = "gnu++20";
				CLANG_ENABLE_MODULES = YES;
				CLANG_ENABLE_OBJC_ARC = YES;
				CLANG_ENABLE_OBJC_WEAK = YES;
				CLANG_WARN_BLOCK_CAPTURE_AUTORELEASING = YES;
				CLANG_WARN_BOOL_CONVERSION = YES;
				CLANG_WARN_COMMA = YES;
				CLANG_WARN_CONSTANT_CONVERSION = YES;
				CLANG_WARN_DEPRECATED_OBJC_IMPLEMENTATIONS = YES;
				CLANG_WARN_DIRECT_OBJC_ISA_USAGE = YES_ERROR;
				CLANG_WARN_DOCUMENTATION_COMMENTS = YES;
				CLANG_WARN_EMPTY_BODY = YES;
				CLANG_WARN_ENUM_CONVERSION = YES;
				CLANG_WARN_INFINITE_RECURSION = YES;
				CLANG_WARN_INT_CONVERSION = YES;
				CLANG_WARN_NON_LITERAL_NULL_CONVERSION = YES;
				CLANG_WARN_OBJC_IMPLICIT_RETAIN_SELF = YES;
				CLANG_WARN_OBJC_LITERAL_CONVERSION = YES;
				CLANG_WARN_OBJC_ROOT_CLASS = YES_ERROR;
				CLANG_WARN_QUOTED_INCLUDE_IN_FRAMEWORK_HEADER = YES;
				CLANG_WARN_RANGE_LOOP_ANALYSIS = YES;
				CLANG_WARN_STRICT_PROTOTYPES = YES;
				CLANG_WARN_SUSPICIOUS_MOVE = YES;
				CLANG_WARN_UNGUARDED_AVAILABILITY = YES_AGGRESSIVE;
				CLANG_WARN_UNREACHABLE_CODE = YES;
				CLANG_WARN__DUPLICATE_METHOD_MATCH = YES;
				COPY_PHASE_STRIP = NO;
				DEBUG_INFORMATION_FORMAT = "dwarf-with-dsym";
				ENABLE_NS_ASSERTIONS = NO;
				ENABLE_STRICT_OBJC_MSGSEND = YES;
				GCC_C_LANGUAGE_STANDARD = gnu11;
				GCC_NO_COMMON_BLOCKS = YES;
				GCC_WARN_64_TO_32_BIT_CONVERSION = YES;
				GCC_WARN_ABOUT_RETURN_TYPE = YES_ERROR;
				GCC_WARN_UNDECLARED_SELECTOR = YES;
				GCC_WARN_UNINITIALIZED_AUTOS = YES_AGGRESSIVE;
				GCC_WARN_UNUSED_FUNCTION = YES;
				GCC_WARN_UNUSED_VARIABLE = YES;
				IPHONEOS_DEPLOYMENT_TARGET = 16.2;
				MTL_ENABLE_DEBUG_INFO = NO;
				MTL_FAST_MATH = YES;
				SDKROOT = iphoneos;
				SWIFT_COMPILATION_MODE = wholemodule;
				SWIFT_OPTIMIZATION_LEVEL = "-O";
				VALIDATE_PRODUCT = YES;
			};
			name = Release;
		};
		3E3B00E12A27E97700C32F63 /* Debug */ = {
			isa = XCBuildConfiguration;
			buildSettings = {
				ASSETCATALOG_COMPILER_APPICON_NAME = AppIcon;
				ASSETCATALOG_COMPILER_GLOBAL_ACCENT_COLOR_NAME = AccentColor;
				ASSETCATALOG_COMPILER_INCLUDE_ALL_APPICON_ASSETS = NO;
				CODE_SIGN_IDENTITY = "Apple Development";
				CODE_SIGN_STYLE = Automatic;
				CURRENT_PROJECT_VERSION = 1;
				DEVELOPMENT_ASSET_PATHS = "\"shy/Preview Content\"";
				DEVELOPMENT_TEAM = G8GJCHS6V9;
				ENABLE_PREVIEWS = YES;
				GENERATE_INFOPLIST_FILE = YES;
				INFOPLIST_FILE = shy/Info.plist;
				INFOPLIST_KEY_UIApplicationSceneManifest_Generation = YES;
				INFOPLIST_KEY_UIApplicationSupportsIndirectInputEvents = YES;
				INFOPLIST_KEY_UILaunchScreen_Generation = YES;
				INFOPLIST_KEY_UISupportedInterfaceOrientations_iPad = "UIInterfaceOrientationPortrait UIInterfaceOrientationPortraitUpsideDown UIInterfaceOrientationLandscapeLeft UIInterfaceOrientationLandscapeRight";
				INFOPLIST_KEY_UISupportedInterfaceOrientations_iPhone = "UIInterfaceOrientationPortrait UIInterfaceOrientationLandscapeLeft UIInterfaceOrientationLandscapeRight";
				IPHONEOS_DEPLOYMENT_TARGET = 14.0;
				LD_RUNPATH_SEARCH_PATHS = (
					"$(inherited)",
					"@executable_path/Frameworks",
				);
				MARKETING_VERSION = 1.1;
				PRODUCT_BUNDLE_IDENTIFIER = me.dipa.ios.shy;
				PRODUCT_NAME = "$(TARGET_NAME)";
				PROVISIONING_PROFILE_SPECIFIER = "";
				SWIFT_EMIT_LOC_STRINGS = YES;
				SWIFT_VERSION = 5.0;
				TARGETED_DEVICE_FAMILY = "1,2";
			};
			name = Debug;
		};
		3E3B00E22A27E97700C32F63 /* Release */ = {
			isa = XCBuildConfiguration;
			buildSettings = {
				ASSETCATALOG_COMPILER_APPICON_NAME = AppIcon;
				ASSETCATALOG_COMPILER_GLOBAL_ACCENT_COLOR_NAME = AccentColor;
				ASSETCATALOG_COMPILER_INCLUDE_ALL_APPICON_ASSETS = NO;
				CODE_SIGN_IDENTITY = "Apple Development";
				CODE_SIGN_STYLE = Automatic;
				CURRENT_PROJECT_VERSION = 1;
				DEVELOPMENT_ASSET_PATHS = "\"shy/Preview Content\"";
				DEVELOPMENT_TEAM = G8GJCHS6V9;
				ENABLE_PREVIEWS = YES;
				GENERATE_INFOPLIST_FILE = YES;
				INFOPLIST_FILE = shy/Info.plist;
				INFOPLIST_KEY_UIApplicationSceneManifest_Generation = YES;
				INFOPLIST_KEY_UIApplicationSupportsIndirectInputEvents = YES;
				INFOPLIST_KEY_UILaunchScreen_Generation = YES;
				INFOPLIST_KEY_UISupportedInterfaceOrientations_iPad = "UIInterfaceOrientationPortrait UIInterfaceOrientationPortraitUpsideDown UIInterfaceOrientationLandscapeLeft UIInterfaceOrientationLandscapeRight";
				INFOPLIST_KEY_UISupportedInterfaceOrientations_iPhone = "UIInterfaceOrientationPortrait UIInterfaceOrientationLandscapeLeft UIInterfaceOrientationLandscapeRight";
				IPHONEOS_DEPLOYMENT_TARGET = 14.0;
				LD_RUNPATH_SEARCH_PATHS = (
					"$(inherited)",
					"@executable_path/Frameworks",
				);
				MARKETING_VERSION = 1.1;
				PRODUCT_BUNDLE_IDENTIFIER = me.dipa.ios.shy;
				PRODUCT_NAME = "$(TARGET_NAME)";
				PROVISIONING_PROFILE_SPECIFIER = "";
				SWIFT_EMIT_LOC_STRINGS = YES;
				SWIFT_VERSION = 5.0;
				TARGETED_DEVICE_FAMILY = "1,2";
			};
			name = Release;
		};
/* End XCBuildConfiguration section */

/* Begin XCConfigurationList section */
		3E3B00CD2A27E97700C32F63 /* Build configuration list for PBXProject "shy" */ = {
			isa = XCConfigurationList;
			buildConfigurations = (
				3E3B00DE2A27E97700C32F63 /* Debug */,
				3E3B00DF2A27E97700C32F63 /* Release */,
			);
			defaultConfigurationIsVisible = 0;
			defaultConfigurationName = Release;
		};
		3E3B00E02A27E97700C32F63 /* Build configuration list for PBXNativeTarget "shy" */ = {
			isa = XCConfigurationList;
			buildConfigurations = (
				3E3B00E12A27E97700C32F63 /* Debug */,
				3E3B00E22A27E97700C32F63 /* Release */,
			);
			defaultConfigurationIsVisible = 0;
			defaultConfigurationName = Release;
		};
/* End XCConfigurationList section */

/* Begin XCRemoteSwiftPackageReference section */
		3E3B00EF2A27EE5200C32F63 /* XCRemoteSwiftPackageReference "IOSSecuritySuite" */ = {
			isa = XCRemoteSwiftPackageReference;
			repositoryURL = "https://github.com/securing/IOSSecuritySuite.git";
			requirement = {
				branch = master;
				kind = branch;
			};
		};
		3ECC7DEF2DA2FE7C00879977 /* XCRemoteSwiftPackageReference "Toast-Swift" */ = {
			isa = XCRemoteSwiftPackageReference;
			repositoryURL = "https://github.com/scalessec/Toast-Swift";
			requirement = {
				kind = upToNextMajorVersion;
				minimumVersion = 5.1.1;
			};
		};
/* End XCRemoteSwiftPackageReference section */

/* Begin XCSwiftPackageProductDependency section */
		3E3B00F02A27EE5200C32F63 /* IOSSecuritySuite */ = {
			isa = XCSwiftPackageProductDependency;
			package = 3E3B00EF2A27EE5200C32F63 /* XCRemoteSwiftPackageReference "IOSSecuritySuite" */;
			productName = IOSSecuritySuite;
		};
		3ECC7DF02DA2FE7C00879977 /* Toast */ = {
			isa = XCSwiftPackageProductDependency;
			package = 3ECC7DEF2DA2FE7C00879977 /* XCRemoteSwiftPackageReference "Toast-Swift" */;
			productName = Toast;
		};
/* End XCSwiftPackageProductDependency section */
	};
	rootObject = 3E3B00CA2A27E97700C32F63 /* Project object */;
}
